
Microsoft Visual Studio Solution File, Format Version 12.00
# Visual Studio Version 16
VisualStudioVersion = 16.0.30517.126
MinimumVisualStudioVersion = 10.0.40219.1
Project("{D954291E-2A0B-460D-934E-DC6B0785DB48}") = "AspNetCoreProjects", "AspNetCoreProjects\AspNetCoreProjects.shproj", "{94590A4B-CC25-42B2-BB45-98FF888DC6D0}"
EndProject
Project("{2150E333-8FDC-42A3-9474-1A3956D46DE8}") = "Lesson1", "Lesson1", "{71782445-74DA-4D44-B3DC-3905AE269685}"
EndProject
Project("{9A19103F-16F7-4668-BE54-9A1E7A4F7556}") = "EmprtyProject", "EmprtyProject\EmprtyProject.csproj", "{1A76A9FF-F6A9-41F9-B3E5-47ACAE3EB2B2}"
EndProject
Project("{9A19103F-16F7-4668-BE54-9A1E7A4F7556}") = "WebAPI", "WebAPI\WebAPI.csproj", "{01451443-E58D-4FCF-824A-7CF248655048}"
EndProject
Project("{9A19103F-16F7-4668-BE54-9A1E7A4F7556}") = "WebApplication", "WebApplication\WebApplication.csproj", "{0D8513BA-EE47-4AC7-92E7-A5E92D491866}"
EndProject
Project("{9A19103F-16F7-4668-BE54-9A1E7A4F7556}") = "WebApplicationMVC", "WebApplicationMVC\WebApplicationMVC.csproj", "{231C5AF4-AFB8-4A9F-B3D6-74EBA56272E3}"
EndProject
Project("{2150E333-8FDC-42A3-9474-1A3956D46DE8}") = "Lesson2", "Lesson2", "{F73EB6F6-5990-4B09-AF86-67C961235CDB}"
EndProject
Project("{9A19103F-16F7-4668-BE54-9A1E7A4F7556}") = "Logging", "Logging\Logging.csproj", "{E60806E5-8574-435A-910F-85556ED8CBAF}"
EndProject
Project("{9A19103F-16F7-4668-BE54-9A1E7A4F7556}") = "MiddlewareLifeCycle", "MiddlewareLifeCycle\MiddlewareLifeCycle.csproj", "{2DC8BCB7-5EEF-4F18-98B8-9985B755D8BE}"
EndProject
Project("{9A19103F-16F7-4668-BE54-9A1E7A4F7556}") = "OwnMiddlewareComponent", "OwnMiddlewareComponent\OwnMiddlewareComponent.csproj", "{64B05CEE-7879-43A2-ADCF-A49BD08A45FC}"
EndProject
Project("{2150E333-8FDC-42A3-9474-1A3956D46DE8}") = "Practice", "Practice", "{29F2FC03-19D4-43F1-8391-3C57657E81CB}"
EndProject
Project("{9A19103F-16F7-4668-BE54-9A1E7A4F7556}") = "Middleware1", "Middleware1\Middleware1.csproj", "{38760D54-E216-4281-8C45-89F30AB5CB6D}"
EndProject
Project("{2150E333-8FDC-42A3-9474-1A3956D46DE8}") = "Lesson3", "Lesson3", "{BE6289F9-4E5F-4562-9FE5-F6AF68271C83}"
EndProject
Project("{FAE04EC0-301F-11D3-BF4B-00C04F79EFBC}") = "Configuration1", "Configuration1\Configuration1.csproj", "{8C840B02-9162-4779-831D-0D4562EA4015}"
EndProject
Project("{FAE04EC0-301F-11D3-BF4B-00C04F79EFBC}") = "Configuration2", "Configuration2\Configuration2.csproj", "{880A92A2-2C2A-4B56-8F1D-D1C4F2B5A28B}"
EndProject
Project("{FAE04EC0-301F-11D3-BF4B-00C04F79EFBC}") = "Memory", "Memory\Memory.csproj", "{79F5C315-A8F2-4B4D-9BAD-6A9407D0D8B2}"
EndProject
Project("{FAE04EC0-301F-11D3-BF4B-00C04F79EFBC}") = "Configuration_JSON", "Configuration_JSON\Configuration_JSON.csproj", "{5DDD572B-AC0A-4CFC-9476-6CF9CA0B1135}"
EndProject
Project("{FAE04EC0-301F-11D3-BF4B-00C04F79EFBC}") = "Configuration_XML", "Configuration_XML\Configuration_XML.csproj", "{5849F756-85A9-4879-81DC-7A34E9CE1BA2}"
EndProject
Project("{FAE04EC0-301F-11D3-BF4B-00C04F79EFBC}") = "GetSection_Json", "GetSection_Json\GetSection_Json.csproj", "{22506E1A-54DA-4248-9CD3-3819CFB24F42}"
EndProject
Project("{FAE04EC0-301F-11D3-BF4B-00C04F79EFBC}") = "GetChildren_Json", "GetChildren_Json\GetChildren_Json.csproj", "{71627CA6-95A8-44B2-9408-09D11F22AE11}"
EndProject
Global
	GlobalSection(SharedMSBuildProjectFiles) = preSolution
		AspNetCoreProjects\AspNetCoreProjects.projitems*{94590a4b-cc25-42b2-bb45-98ff888dc6d0}*SharedItemsImports = 13
	EndGlobalSection
	GlobalSection(SolutionConfigurationPlatforms) = preSolution
		Debug|Any CPU = Debug|Any CPU
		Release|Any CPU = Release|Any CPU
	EndGlobalSection
	GlobalSection(ProjectConfigurationPlatforms) = postSolution
		{1A76A9FF-F6A9-41F9-B3E5-47ACAE3EB2B2}.Debug|Any CPU.ActiveCfg = Debug|Any CPU
		{1A76A9FF-F6A9-41F9-B3E5-47ACAE3EB2B2}.Debug|Any CPU.Build.0 = Debug|Any CPU
		{1A76A9FF-F6A9-41F9-B3E5-47ACAE3EB2B2}.Release|Any CPU.ActiveCfg = Release|Any CPU
		{1A76A9FF-F6A9-41F9-B3E5-47ACAE3EB2B2}.Release|Any CPU.Build.0 = Release|Any CPU
		{01451443-E58D-4FCF-824A-7CF248655048}.Debug|Any CPU.ActiveCfg = Debug|Any CPU
		{01451443-E58D-4FCF-824A-7CF248655048}.Debug|Any CPU.Build.0 = Debug|Any CPU
		{01451443-E58D-4FCF-824A-7CF248655048}.Release|Any CPU.ActiveCfg = Release|Any CPU
		{01451443-E58D-4FCF-824A-7CF248655048}.Release|Any CPU.Build.0 = Release|Any CPU
		{0D8513BA-EE47-4AC7-92E7-A5E92D491866}.Debug|Any CPU.ActiveCfg = Debug|Any CPU
		{0D8513BA-EE47-4AC7-92E7-A5E92D491866}.Debug|Any CPU.Build.0 = Debug|Any CPU
		{0D8513BA-EE47-4AC7-92E7-A5E92D491866}.Release|Any CPU.ActiveCfg = Release|Any CPU
		{0D8513BA-EE47-4AC7-92E7-A5E92D491866}.Release|Any CPU.Build.0 = Release|Any CPU
		{231C5AF4-AFB8-4A9F-B3D6-74EBA56272E3}.Debug|Any CPU.ActiveCfg = Debug|Any CPU
		{231C5AF4-AFB8-4A9F-B3D6-74EBA56272E3}.Debug|Any CPU.Build.0 = Debug|Any CPU
		{231C5AF4-AFB8-4A9F-B3D6-74EBA56272E3}.Release|Any CPU.ActiveCfg = Release|Any CPU
		{231C5AF4-AFB8-4A9F-B3D6-74EBA56272E3}.Release|Any CPU.Build.0 = Release|Any CPU
		{E60806E5-8574-435A-910F-85556ED8CBAF}.Debug|Any CPU.ActiveCfg = Debug|Any CPU
		{E60806E5-8574-435A-910F-85556ED8CBAF}.Debug|Any CPU.Build.0 = Debug|Any CPU
		{E60806E5-8574-435A-910F-85556ED8CBAF}.Release|Any CPU.ActiveCfg = Release|Any CPU
		{E60806E5-8574-435A-910F-85556ED8CBAF}.Release|Any CPU.Build.0 = Release|Any CPU
		{2DC8BCB7-5EEF-4F18-98B8-9985B755D8BE}.Debug|Any CPU.ActiveCfg = Debug|Any CPU
		{2DC8BCB7-5EEF-4F18-98B8-9985B755D8BE}.Debug|Any CPU.Build.0 = Debug|Any CPU
		{2DC8BCB7-5EEF-4F18-98B8-9985B755D8BE}.Release|Any CPU.ActiveCfg = Release|Any CPU
		{2DC8BCB7-5EEF-4F18-98B8-9985B755D8BE}.Release|Any CPU.Build.0 = Release|Any CPU
		{64B05CEE-7879-43A2-ADCF-A49BD08A45FC}.Debug|Any CPU.ActiveCfg = Debug|Any CPU
		{64B05CEE-7879-43A2-ADCF-A49BD08A45FC}.Debug|Any CPU.Build.0 = Debug|Any CPU
		{64B05CEE-7879-43A2-ADCF-A49BD08A45FC}.Release|Any CPU.ActiveCfg = Release|Any CPU
		{64B05CEE-7879-43A2-ADCF-A49BD08A45FC}.Release|Any CPU.Build.0 = Release|Any CPU
		{38760D54-E216-4281-8C45-89F30AB5CB6D}.Debug|Any CPU.ActiveCfg = Debug|Any CPU
		{38760D54-E216-4281-8C45-89F30AB5CB6D}.Debug|Any CPU.Build.0 = Debug|Any CPU
		{38760D54-E216-4281-8C45-89F30AB5CB6D}.Release|Any CPU.ActiveCfg = Release|Any CPU
		{38760D54-E216-4281-8C45-89F30AB5CB6D}.Release|Any CPU.Build.0 = Release|Any CPU
		{8C840B02-9162-4779-831D-0D4562EA4015}.Debug|Any CPU.ActiveCfg = Debug|Any CPU
		{8C840B02-9162-4779-831D-0D4562EA4015}.Debug|Any CPU.Build.0 = Debug|Any CPU
		{8C840B02-9162-4779-831D-0D4562EA4015}.Release|Any CPU.ActiveCfg = Release|Any CPU
		{8C840B02-9162-4779-831D-0D4562EA4015}.Release|Any CPU.Build.0 = Release|Any CPU
		{880A92A2-2C2A-4B56-8F1D-D1C4F2B5A28B}.Debug|Any CPU.ActiveCfg = Debug|Any CPU
		{880A92A2-2C2A-4B56-8F1D-D1C4F2B5A28B}.Debug|Any CPU.Build.0 = Debug|Any CPU
		{880A92A2-2C2A-4B56-8F1D-D1C4F2B5A28B}.Release|Any CPU.ActiveCfg = Release|Any CPU
		{880A92A2-2C2A-4B56-8F1D-D1C4F2B5A28B}.Release|Any CPU.Build.0 = Release|Any CPU
		{79F5C315-A8F2-4B4D-9BAD-6A9407D0D8B2}.Debug|Any CPU.ActiveCfg = Debug|Any CPU
		{79F5C315-A8F2-4B4D-9BAD-6A9407D0D8B2}.Debug|Any CPU.Build.0 = Debug|Any CPU
		{79F5C315-A8F2-4B4D-9BAD-6A9407D0D8B2}.Release|Any CPU.ActiveCfg = Release|Any CPU
		{79F5C315-A8F2-4B4D-9BAD-6A9407D0D8B2}.Release|Any CPU.Build.0 = Release|Any CPU
		{5DDD572B-AC0A-4CFC-9476-6CF9CA0B1135}.Debug|Any CPU.ActiveCfg = Debug|Any CPU
		{5DDD572B-AC0A-4CFC-9476-6CF9CA0B1135}.Debug|Any CPU.Build.0 = Debug|Any CPU
		{5DDD572B-AC0A-4CFC-9476-6CF9CA0B1135}.Release|Any CPU.ActiveCfg = Release|Any CPU
		{5DDD572B-AC0A-4CFC-9476-6CF9CA0B1135}.Release|Any CPU.Build.0 = Release|Any CPU
		{5849F756-85A9-4879-81DC-7A34E9CE1BA2}.Debug|Any CPU.ActiveCfg = Debug|Any CPU
		{5849F756-85A9-4879-81DC-7A34E9CE1BA2}.Debug|Any CPU.Build.0 = Debug|Any CPU
		{5849F756-85A9-4879-81DC-7A34E9CE1BA2}.Release|Any CPU.ActiveCfg = Release|Any CPU
		{5849F756-85A9-4879-81DC-7A34E9CE1BA2}.Release|Any CPU.Build.0 = Release|Any CPU
		{22506E1A-54DA-4248-9CD3-3819CFB24F42}.Debug|Any CPU.ActiveCfg = Debug|Any CPU
		{22506E1A-54DA-4248-9CD3-3819CFB24F42}.Debug|Any CPU.Build.0 = Debug|Any CPU
		{22506E1A-54DA-4248-9CD3-3819CFB24F42}.Release|Any CPU.ActiveCfg = Release|Any CPU
		{22506E1A-54DA-4248-9CD3-3819CFB24F42}.Release|Any CPU.Build.0 = Release|Any CPU
		{71627CA6-95A8-44B2-9408-09D11F22AE11}.Debug|Any CPU.ActiveCfg = Debug|Any CPU
		{71627CA6-95A8-44B2-9408-09D11F22AE11}.Debug|Any CPU.Build.0 = Debug|Any CPU
		{71627CA6-95A8-44B2-9408-09D11F22AE11}.Release|Any CPU.ActiveCfg = Release|Any CPU
		{71627CA6-95A8-44B2-9408-09D11F22AE11}.Release|Any CPU.Build.0 = Release|Any CPU
	EndGlobalSection
	GlobalSection(SolutionProperties) = preSolution
		HideSolutionNode = FALSE
	EndGlobalSection
	GlobalSection(NestedProjects) = preSolution
		{1A76A9FF-F6A9-41F9-B3E5-47ACAE3EB2B2} = {71782445-74DA-4D44-B3DC-3905AE269685}
		{01451443-E58D-4FCF-824A-7CF248655048} = {71782445-74DA-4D44-B3DC-3905AE269685}
		{0D8513BA-EE47-4AC7-92E7-A5E92D491866} = {71782445-74DA-4D44-B3DC-3905AE269685}
		{231C5AF4-AFB8-4A9F-B3D6-74EBA56272E3} = {71782445-74DA-4D44-B3DC-3905AE269685}
		{E60806E5-8574-435A-910F-85556ED8CBAF} = {F73EB6F6-5990-4B09-AF86-67C961235CDB}
		{2DC8BCB7-5EEF-4F18-98B8-9985B755D8BE} = {F73EB6F6-5990-4B09-AF86-67C961235CDB}
		{64B05CEE-7879-43A2-ADCF-A49BD08A45FC} = {F73EB6F6-5990-4B09-AF86-67C961235CDB}
		{29F2FC03-19D4-43F1-8391-3C57657E81CB} = {F73EB6F6-5990-4B09-AF86-67C961235CDB}
		{38760D54-E216-4281-8C45-89F30AB5CB6D} = {29F2FC03-19D4-43F1-8391-3C57657E81CB}
		{8C840B02-9162-4779-831D-0D4562EA4015} = {BE6289F9-4E5F-4562-9FE5-F6AF68271C83}
		{880A92A2-2C2A-4B56-8F1D-D1C4F2B5A28B} = {BE6289F9-4E5F-4562-9FE5-F6AF68271C83}
		{79F5C315-A8F2-4B4D-9BAD-6A9407D0D8B2} = {BE6289F9-4E5F-4562-9FE5-F6AF68271C83}
		{5DDD572B-AC0A-4CFC-9476-6CF9CA0B1135} = {BE6289F9-4E5F-4562-9FE5-F6AF68271C83}
		{5849F756-85A9-4879-81DC-7A34E9CE1BA2} = {BE6289F9-4E5F-4562-9FE5-F6AF68271C83}
		{22506E1A-54DA-4248-9CD3-3819CFB24F42} = {BE6289F9-4E5F-4562-9FE5-F6AF68271C83}
		{71627CA6-95A8-44B2-9408-09D11F22AE11} = {BE6289F9-4E5F-4562-9FE5-F6AF68271C83}
	EndGlobalSection
	GlobalSection(ExtensibilityGlobals) = postSolution
		SolutionGuid = {F9B8BFDF-A8D5-43BF-B5D6-C03B527A8501}
	EndGlobalSection
EndGlobal
